// !$*UTF8*$!
{
	archiveVersion = 1;
	classes = {
	};
	objectVersion = 56;
	objects = {

/* Begin PBXBuildFile section */
		3C9ADC322B4FBBD300F01F05 /* ViewController.swift in Sources */ = {isa = PBXBuildFile; fileRef = 3CFA72562B4BC3FA00DD3A29 /* ViewController.swift */; };
		3CFA72532B4BC3FA00DD3A29 /* AppDelegate.swift in Sources */ = {isa = PBXBuildFile; fileRef = 3CFA72522B4BC3FA00DD3A29 /* AppDelegate.swift */; };
		3CFA72552B4BC3FA00DD3A29 /* SceneDelegate.swift in Sources */ = {isa = PBXBuildFile; fileRef = 3CFA72542B4BC3FA00DD3A29 /* SceneDelegate.swift */; };
		3CFA725A2B4BC3FA00DD3A29 /* Main.storyboard in Resources */ = {isa = PBXBuildFile; fileRef = 3CFA72582B4BC3FA00DD3A29 /* Main.storyboard */; };
		3CFA725C2B4BC3FC00DD3A29 /* Assets.xcassets in Resources */ = {isa = PBXBuildFile; fileRef = 3CFA725B2B4BC3FC00DD3A29 /* Assets.xcassets */; };
		3CFA725F2B4BC3FC00DD3A29 /* LaunchScreen.storyboard in Resources */ = {isa = PBXBuildFile; fileRef = 3CFA725D2B4BC3FC00DD3A29 /* LaunchScreen.storyboard */; };
		3CFA726A2B4BC3FC00DD3A29 /* BeaMinCloneTests.swift in Sources */ = {isa = PBXBuildFile; fileRef = 3CFA72692B4BC3FC00DD3A29 /* BeaMinCloneTests.swift */; };
		3CFA72742B4BC3FC00DD3A29 /* BeaMinCloneUITests.swift in Sources */ = {isa = PBXBuildFile; fileRef = 3CFA72732B4BC3FC00DD3A29 /* BeaMinCloneUITests.swift */; };
		3CFA72762B4BC3FC00DD3A29 /* BeaMinCloneUITestsLaunchTests.swift in Sources */ = {isa = PBXBuildFile; fileRef = 3CFA72752B4BC3FC00DD3A29 /* BeaMinCloneUITestsLaunchTests.swift */; };
/* End PBXBuildFile section */

/* Begin PBXContainerItemProxy section */
		3CFA72662B4BC3FC00DD3A29 /* PBXContainerItemProxy */ = {
			isa = PBXContainerItemProxy;
			containerPortal = 3CFA72472B4BC3FA00DD3A29 /* Project object */;
			proxyType = 1;
			remoteGlobalIDString = 3CFA724E2B4BC3FA00DD3A29;
			remoteInfo = BeaMinClone;
		};
		3CFA72702B4BC3FC00DD3A29 /* PBXContainerItemProxy */ = {
			isa = PBXContainerItemProxy;
			containerPortal = 3CFA72472B4BC3FA00DD3A29 /* Project object */;
			proxyType = 1;
			remoteGlobalIDString = 3CFA724E2B4BC3FA00DD3A29;
			remoteInfo = BeaMinClone;
		};
/* End PBXContainerItemProxy section */

/* Begin PBXFileReference section */
		3CFA724F2B4BC3FA00DD3A29 /* BeaMinClone.app */ = {isa = PBXFileReference; explicitFileType = wrapper.application; includeInIndex = 0; path = BeaMinClone.app; sourceTree = BUILT_PRODUCTS_DIR; };
		3CFA72522B4BC3FA00DD3A29 /* AppDelegate.swift */ = {isa = PBXFileReference; lastKnownFileType = sourcecode.swift; path = AppDelegate.swift; sourceTree = "<group>"; };
		3CFA72542B4BC3FA00DD3A29 /* SceneDelegate.swift */ = {isa = PBXFileReference; lastKnownFileType = sourcecode.swift; path = SceneDelegate.swift; sourceTree = "<group>"; };
		3CFA72562B4BC3FA00DD3A29 /* ViewController.swift */ = {isa = PBXFileReference; lastKnownFileType = sourcecode.swift; path = ViewController.swift; sourceTree = "<group>"; };
		3CFA72592B4BC3FA00DD3A29 /* Base */ = {isa = PBXFileReference; lastKnownFileType = file.storyboard; name = Base; path = Base.lproj/Main.storyboard; sourceTree = "<group>"; };
		3CFA725B2B4BC3FC00DD3A29 /* Assets.xcassets */ = {isa = PBXFileReference; lastKnownFileType = folder.assetcatalog; path = Assets.xcassets; sourceTree = "<group>"; };
		3CFA725E2B4BC3FC00DD3A29 /* Base */ = {isa = PBXFileReference; lastKnownFileType = file.storyboard; name = Base; path = Base.lproj/LaunchScreen.storyboard; sourceTree = "<group>"; };
		3CFA72602B4BC3FC00DD3A29 /* Info.plist */ = {isa = PBXFileReference; lastKnownFileType = text.plist.xml; path = Info.plist; sourceTree = "<group>"; };
		3CFA72652B4BC3FC00DD3A29 /* BeaMinCloneTests.xctest */ = {isa = PBXFileReference; explicitFileType = wrapper.cfbundle; includeInIndex = 0; path = BeaMinCloneTests.xctest; sourceTree = BUILT_PRODUCTS_DIR; };
		3CFA72692B4BC3FC00DD3A29 /* BeaMinCloneTests.swift */ = {isa = PBXFileReference; lastKnownFileType = sourcecode.swift; path = BeaMinCloneTests.swift; sourceTree = "<group>"; };
		3CFA726F2B4BC3FC00DD3A29 /* BeaMinCloneUITests.xctest */ = {isa = PBXFileReference; explicitFileType = wrapper.cfbundle; includeInIndex = 0; path = BeaMinCloneUITests.xctest; sourceTree = BUILT_PRODUCTS_DIR; };
		3CFA72732B4BC3FC00DD3A29 /* BeaMinCloneUITests.swift */ = {isa = PBXFileReference; lastKnownFileType = sourcecode.swift; path = BeaMinCloneUITests.swift; sourceTree = "<group>"; };
		3CFA72752B4BC3FC00DD3A29 /* BeaMinCloneUITestsLaunchTests.swift */ = {isa = PBXFileReference; lastKnownFileType = sourcecode.swift; path = BeaMinCloneUITestsLaunchTests.swift; sourceTree = "<group>"; };
/* End PBXFileReference section */

/* Begin PBXFrameworksBuildPhase section */
		3CFA724C2B4BC3FA00DD3A29 /* Frameworks */ = {
			isa = PBXFrameworksBuildPhase;
			buildActionMask = 2147483647;
			files = (
			);
			runOnlyForDeploymentPostprocessing = 0;
		};
		3CFA72622B4BC3FC00DD3A29 /* Frameworks */ = {
			isa = PBXFrameworksBuildPhase;
			buildActionMask = 2147483647;
			files = (
			);
			runOnlyForDeploymentPostprocessing = 0;
		};
		3CFA726C2B4BC3FC00DD3A29 /* Frameworks */ = {
			isa = PBXFrameworksBuildPhase;
			buildActionMask = 2147483647;
			files = (
			);
			runOnlyForDeploymentPostprocessing = 0;
		};
/* End PBXFrameworksBuildPhase section */

/* Begin PBXGroup section */
		3CFA72462B4BC3FA00DD3A29 = {
			isa = PBXGroup;
			children = (
				3CFA72512B4BC3FA00DD3A29 /* BeaMinClone */,
				3CFA72682B4BC3FC00DD3A29 /* BeaMinCloneTests */,
				3CFA72722B4BC3FC00DD3A29 /* BeaMinCloneUITests */,
				3CFA72502B4BC3FA00DD3A29 /* Products */,
			);
			sourceTree = "<group>";
		};
		3CFA72502B4BC3FA00DD3A29 /* Products */ = {
			isa = PBXGroup;
			children = (
				3CFA724F2B4BC3FA00DD3A29 /* BeaMinClone.app */,
				3CFA72652B4BC3FC00DD3A29 /* BeaMinCloneTests.xctest */,
				3CFA726F2B4BC3FC00DD3A29 /* BeaMinCloneUITests.xctest */,
			);
			name = Products;
			sourceTree = "<group>";
		};
		3CFA72512B4BC3FA00DD3A29 /* BeaMinClone */ = {
			isa = PBXGroup;
			children = (
				3CFA72522B4BC3FA00DD3A29 /* AppDelegate.swift */,
				3CFA72542B4BC3FA00DD3A29 /* SceneDelegate.swift */,
				3CFA72562B4BC3FA00DD3A29 /* ViewController.swift */,
				3CFA72582B4BC3FA00DD3A29 /* Main.storyboard */,
				3CFA725B2B4BC3FC00DD3A29 /* Assets.xcassets */,
				3CFA725D2B4BC3FC00DD3A29 /* LaunchScreen.storyboard */,
				3CFA72602B4BC3FC00DD3A29 /* Info.plist */,
			);
			path = BeaMinClone;
			sourceTree = "<group>";
		};
		3CFA72682B4BC3FC00DD3A29 /* BeaMinCloneTests */ = {
			isa = PBXGroup;
			children = (
				3CFA72692B4BC3FC00DD3A29 /* BeaMinCloneTests.swift */,
			);
			path = BeaMinCloneTests;
			sourceTree = "<group>";
		};
		3CFA72722B4BC3FC00DD3A29 /* BeaMinCloneUITests */ = {
			isa = PBXGroup;
			children = (
				3CFA72732B4BC3FC00DD3A29 /* BeaMinCloneUITests.swift */,
				3CFA72752B4BC3FC00DD3A29 /* BeaMinCloneUITestsLaunchTests.swift */,
			);
			path = BeaMinCloneUITests;
			sourceTree = "<group>";
		};
/* End PBXGroup section */

/* Begin PBXNativeTarget section */
		3CFA724E2B4BC3FA00DD3A29 /* BeaMinClone */ = {
			isa = PBXNativeTarget;
			buildConfigurationList = 3CFA72792B4BC3FC00DD3A29 /* Build configuration list for PBXNativeTarget "BeaMinClone" */;
			buildPhases = (
				3CFA724B2B4BC3FA00DD3A29 /* Sources */,
				3CFA724C2B4BC3FA00DD3A29 /* Frameworks */,
				3CFA724D2B4BC3FA00DD3A29 /* Resources */,
			);
			buildRules = (
			);
			dependencies = (
			);
			name = BeaMinClone;
			productName = BeaMinClone;
			productReference = 3CFA724F2B4BC3FA00DD3A29 /* BeaMinClone.app */;
			productType = "com.apple.product-type.application";
		};
		3CFA72642B4BC3FC00DD3A29 /* BeaMinCloneTests */ = {
			isa = PBXNativeTarget;
			buildConfigurationList = 3CFA727C2B4BC3FC00DD3A29 /* Build configuration list for PBXNativeTarget "BeaMinCloneTests" */;
			buildPhases = (
				3CFA72612B4BC3FC00DD3A29 /* Sources */,
				3CFA72622B4BC3FC00DD3A29 /* Frameworks */,
				3CFA72632B4BC3FC00DD3A29 /* Resources */,
			);
			buildRules = (
			);
			dependencies = (
				3CFA72672B4BC3FC00DD3A29 /* PBXTargetDependency */,
			);
			name = BeaMinCloneTests;
			productName = BeaMinCloneTests;
			productReference = 3CFA72652B4BC3FC00DD3A29 /* BeaMinCloneTests.xctest */;
			productType = "com.apple.product-type.bundle.unit-test";
		};
		3CFA726E2B4BC3FC00DD3A29 /* BeaMinCloneUITests */ = {
			isa = PBXNativeTarget;
			buildConfigurationList = 3CFA727F2B4BC3FC00DD3A29 /* Build configuration list for PBXNativeTarget "BeaMinCloneUITests" */;
			buildPhases = (
				3CFA726B2B4BC3FC00DD3A29 /* Sources */,
				3CFA726C2B4BC3FC00DD3A29 /* Frameworks */,
				3CFA726D2B4BC3FC00DD3A29 /* Resources */,
			);
			buildRules = (
			);
			dependencies = (
				3CFA72712B4BC3FC00DD3A29 /* PBXTargetDependency */,
			);
			name = BeaMinCloneUITests;
			productName = BeaMinCloneUITests;
			productReference = 3CFA726F2B4BC3FC00DD3A29 /* BeaMinCloneUITests.xctest */;
			productType = "com.apple.product-type.bundle.ui-testing";
		};
/* End PBXNativeTarget section */

/* Begin PBXProject section */
		3CFA72472B4BC3FA00DD3A29 /* Project object */ = {
			isa = PBXProject;
			attributes = {
				BuildIndependentTargetsInParallel = 1;
				LastSwiftUpdateCheck = 1510;
				LastUpgradeCheck = 1510;
				TargetAttributes = {
					3CFA724E2B4BC3FA00DD3A29 = {
						CreatedOnToolsVersion = 15.1;
					};
					3CFA72642B4BC3FC00DD3A29 = {
						CreatedOnToolsVersion = 15.1;
						TestTargetID = 3CFA724E2B4BC3FA00DD3A29;
					};
					3CFA726E2B4BC3FC00DD3A29 = {
						CreatedOnToolsVersion = 15.1;
						TestTargetID = 3CFA724E2B4BC3FA00DD3A29;
					};
				};
			};
			buildConfigurationList = 3CFA724A2B4BC3FA00DD3A29 /* Build configuration list for PBXProject "BeaMinClone" */;
			compatibilityVersion = "Xcode 14.0";
			developmentRegion = en;
			hasScannedForEncodings = 0;
			knownRegions = (
				en,
				Base,
			);
			mainGroup = 3CFA72462B4BC3FA00DD3A29;
			productRefGroup = 3CFA72502B4BC3FA00DD3A29 /* Products */;
			projectDirPath = "";
			projectRoot = "";
			targets = (
				3CFA724E2B4BC3FA00DD3A29 /* BeaMinClone */,
				3CFA72642B4BC3FC00DD3A29 /* BeaMinCloneTests */,
				3CFA726E2B4BC3FC00DD3A29 /* BeaMinCloneUITests */,
			);
		};
/* End PBXProject section */

/* Begin PBXResourcesBuildPhase section */
		3CFA724D2B4BC3FA00DD3A29 /* Resources */ = {
			isa = PBXResourcesBuildPhase;
			buildActionMask = 2147483647;
			files = (
				3CFA725F2B4BC3FC00DD3A29 /* LaunchScreen.storyboard in Resources */,
				3CFA725C2B4BC3FC00DD3A29 /* Assets.xcassets in Resources */,
				3CFA725A2B4BC3FA00DD3A29 /* Main.storyboard in Resources */,
			);
			runOnlyForDeploymentPostprocessing = 0;
		};
		3CFA72632B4BC3FC00DD3A29 /* Resources */ = {
			isa = PBXResourcesBuildPhase;
			buildActionMask = 2147483647;
			files = (
			);
			runOnlyForDeploymentPostprocessing = 0;
		};
		3CFA726D2B4BC3FC00DD3A29 /* Resources */ = {
			isa = PBXResourcesBuildPhase;
			buildActionMask = 2147483647;
			files = (
			);
			runOnlyForDeploymentPostprocessing = 0;
		};
/* End PBXResourcesBuildPhase section */

/* Begin PBXSourcesBuildPhase section */
		3CFA724B2B4BC3FA00DD3A29 /* Sources */ = {
			isa = PBXSourcesBuildPhase;
			buildActionMask = 2147483647;
			files = (
				3C9ADC322B4FBBD300F01F05 /* ViewController.swift in Sources */,
				3CFA72532B4BC3FA00DD3A29 /* AppDelegate.swift in Sources */,
				3CFA72552B4BC3FA00DD3A29 /* SceneDelegate.swift in Sources */,
			);
			runOnlyForDeploymentPostprocessing = 0;
		};
		3CFA72612B4BC3FC00DD3A29 /* Sources */ = {
			isa = PBXSourcesBuildPhase;
			buildActionMask = 2147483647;
			files = (
				3CFA726A2B4BC3FC00DD3A29 /* BeaMinCloneTests.swift in Sources */,
			);
			runOnlyForDeploymentPostprocessing = 0;
		};
		3CFA726B2B4BC3FC00DD3A29 /* Sources */ = {
			isa = PBXSourcesBuildPhase;
			buildActionMask = 2147483647;
			files = (
				3CFA72762B4BC3FC00DD3A29 /* BeaMinCloneUITestsLaunchTests.swift in Sources */,
				3CFA72742B4BC3FC00DD3A29 /* BeaMinCloneUITests.swift in Sources */,
			);
			runOnlyForDeploymentPostprocessing = 0;
		};
/* End PBXSourcesBuildPhase section */

/* Begin PBXTargetDependency section */
		3CFA72672B4BC3FC00DD3A29 /* PBXTargetDependency */ = {
			isa = PBXTargetDependency;
			target = 3CFA724E2B4BC3FA00DD3A29 /* BeaMinClone */;
			targetProxy = 3CFA72662B4BC3FC00DD3A29 /* PBXContainerItemProxy */;
		};
		3CFA72712B4BC3FC00DD3A29 /* PBXTargetDependency */ = {
			isa = PBXTargetDependency;
			target = 3CFA724E2B4BC3FA00DD3A29 /* BeaMinClone */;
			targetProxy = 3CFA72702B4BC3FC00DD3A29 /* PBXContainerItemProxy */;
		};
/* End PBXTargetDependency section */

/* Begin PBXVariantGroup section */
		3CFA72582B4BC3FA00DD3A29 /* Main.storyboard */ = {
			isa = PBXVariantGroup;
			children = (
				3CFA72592B4BC3FA00DD3A29 /* Base */,
			);
			name = Main.storyboard;
			sourceTree = "<group>";
		};
		3CFA725D2B4BC3FC00DD3A29 /* LaunchScreen.storyboard */ = {
			isa = PBXVariantGroup;
			children = (
				3CFA725E2B4BC3FC00DD3A29 /* Base */,
			);
			name = LaunchScreen.storyboard;
			sourceTree = "<group>";
		};
/* End PBXVariantGroup section */

/* Begin XCBuildConfiguration section */
		3CFA72772B4BC3FC00DD3A29 /* Debug */ = {
			isa = XCBuildConfiguration;
			buildSettings = {
				ALWAYS_SEARCH_USER_PATHS = NO;
				ASSETCATALOG_COMPILER_GENERATE_SWIFT_ASSET_SYMBOL_EXTENSIONS = YES;
				CLANG_ANALYZER_NONNULL = YES;
				CLANG_ANALYZER_NUMBER_OBJECT_CONVERSION = YES_AGGRESSIVE;
				CLANG_CXX_LANGUAGE_STANDARD = "gnu++20";
				CLANG_ENABLE_MODULES = YES;
				CLANG_ENABLE_OBJC_ARC = YES;
				CLANG_ENABLE_OBJC_WEAK = YES;
				CLANG_WARN_BLOCK_CAPTURE_AUTORELEASING = YES;
				CLANG_WARN_BOOL_CONVERSION = YES;
				CLANG_WARN_COMMA = YES;
				CLANG_WARN_CONSTANT_CONVERSION = YES;
				CLANG_WARN_DEPRECATED_OBJC_IMPLEMENTATIONS = YES;
				CLANG_WARN_DIRECT_OBJC_ISA_USAGE = YES_ERROR;
				CLANG_WARN_DOCUMENTATION_COMMENTS = YES;
				CLANG_WARN_EMPTY_BODY = YES;
				CLANG_WARN_ENUM_CONVERSION = YES;
				CLANG_WARN_INFINITE_RECURSION = YES;
				CLANG_WARN_INT_CONVERSION = YES;
				CLANG_WARN_NON_LITERAL_NULL_CONVERSION = YES;
				CLANG_WARN_OBJC_IMPLICIT_RETAIN_SELF = YES;
				CLANG_WARN_OBJC_LITERAL_CONVERSION = YES;
				CLANG_WARN_OBJC_ROOT_CLASS = YES_ERROR;
				CLANG_WARN_QUOTED_INCLUDE_IN_FRAMEWORK_HEADER = YES;
				CLANG_WARN_RANGE_LOOP_ANALYSIS = YES;
				CLANG_WARN_STRICT_PROTOTYPES = YES;
				CLANG_WARN_SUSPICIOUS_MOVE = YES;
				CLANG_WARN_UNGUARDED_AVAILABILITY = YES_AGGRESSIVE;
				CLANG_WARN_UNREACHABLE_CODE = YES;
				CLANG_WARN__DUPLICATE_METHOD_MATCH = YES;
				COPY_PHASE_STRIP = NO;
				DEBUG_INFORMATION_FORMAT = dwarf;
				ENABLE_STRICT_OBJC_MSGSEND = YES;
				ENABLE_TESTABILITY = YES;
				ENABLE_USER_SCRIPT_SANDBOXING = YES;
				GCC_C_LANGUAGE_STANDARD = gnu17;
				GCC_DYNAMIC_NO_PIC = NO;
				GCC_NO_COMMON_BLOCKS = YES;
				GCC_OPTIMIZATION_LEVEL = 0;
				GCC_PREPROCESSOR_DEFINITIONS = (
					"DEBUG=1",
					"$(inherited)",
				);
				GCC_WARN_64_TO_32_BIT_CONVERSION = YES;
				GCC_WARN_ABOUT_RETURN_TYPE = YES_ERROR;
				GCC_WARN_UNDECLARED_SELECTOR = YES;
				GCC_WARN_UNINITIALIZED_AUTOS = YES_AGGRESSIVE;
				GCC_WARN_UNUSED_FUNCTION = YES;
				GCC_WARN_UNUSED_VARIABLE = YES;
				IPHONEOS_DEPLOYMENT_TARGET = 17.2;
				LOCALIZATION_PREFERS_STRING_CATALOGS = YES;
				MTL_ENABLE_DEBUG_INFO = INCLUDE_SOURCE;
				MTL_FAST_MATH = YES;
				ONLY_ACTIVE_ARCH = YES;
				SDKROOT = iphoneos;
				SWIFT_ACTIVE_COMPILATION_CONDITIONS = "DEBUG $(inherited)";
				SWIFT_OPTIMIZATION_LEVEL = "-Onone";
			};
			name = Debug;
		};
		3CFA72782B4BC3FC00DD3A29 /* Release */ = {
			isa = XCBuildConfiguration;
			buildSettings = {
				ALWAYS_SEARCH_USER_PATHS = NO;
				ASSETCATALOG_COMPILER_GENERATE_SWIFT_ASSET_SYMBOL_EXTENSIONS = YES;
				CLANG_ANALYZER_NONNULL = YES;
				CLANG_ANALYZER_NUMBER_OBJECT_CONVERSION = YES_AGGRESSIVE;
				CLANG_CXX_LANGUAGE_STANDARD = "gnu++20";
				CLANG_ENABLE_MODULES = YES;
				CLANG_ENABLE_OBJC_ARC = YES;
				CLANG_ENABLE_OBJC_WEAK = YES;
				CLANG_WARN_BLOCK_CAPTURE_AUTORELEASING = YES;
				CLANG_WARN_BOOL_CONVERSION = YES;
				CLANG_WARN_COMMA = YES;
				CLANG_WARN_CONSTANT_CONVERSION = YES;
				CLANG_WARN_DEPRECATED_OBJC_IMPLEMENTATIONS = YES;
				CLANG_WARN_DIRECT_OBJC_ISA_USAGE = YES_ERROR;
				CLANG_WARN_DOCUMENTATION_COMMENTS = YES;
				CLANG_WARN_EMPTY_BODY = YES;
				CLANG_WARN_ENUM_CONVERSION = YES;
				CLANG_WARN_INFINITE_RECURSION = YES;
				CLANG_WARN_INT_CONVERSION = YES;
				CLANG_WARN_NON_LITERAL_NULL_CONVERSION = YES;
				CLANG_WARN_OBJC_IMPLICIT_RETAIN_SELF = YES;
				CLANG_WARN_OBJC_LITERAL_CONVERSION = YES;
				CLANG_WARN_OBJC_ROOT_CLASS = YES_ERROR;
				CLANG_WARN_QUOTED_INCLUDE_IN_FRAMEWORK_HEADER = YES;
				CLANG_WARN_RANGE_LOOP_ANALYSIS = YES;
				CLANG_WARN_STRICT_PROTOTYPES = YES;
				CLANG_WARN_SUSPICIOUS_MOVE = YES;
				CLANG_WARN_UNGUARDED_AVAILABILITY = YES_AGGRESSIVE;
				CLANG_WARN_UNREACHABLE_CODE = YES;
				CLANG_WARN__DUPLICATE_METHOD_MATCH = YES;
				COPY_PHASE_STRIP = NO;
				DEBUG_INFORMATION_FORMAT = "dwarf-with-dsym";
				ENABLE_NS_ASSERTIONS = NO;
				ENABLE_STRICT_OBJC_MSGSEND = YES;
				ENABLE_USER_SCRIPT_SANDBOXING = YES;
				GCC_C_LANGUAGE_STANDARD = gnu17;
				GCC_NO_COMMON_BLOCKS = YES;
				GCC_WARN_64_TO_32_BIT_CONVERSION = YES;
				GCC_WARN_ABOUT_RETURN_TYPE = YES_ERROR;
				GCC_WARN_UNDECLARED_SELECTOR = YES;
				GCC_WARN_UNINITIALIZED_AUTOS = YES_AGGRESSIVE;
				GCC_WARN_UNUSED_FUNCTION = YES;
				GCC_WARN_UNUSED_VARIABLE = YES;
				IPHONEOS_DEPLOYMENT_TARGET = 17.2;
				LOCALIZATION_PREFERS_STRING_CATALOGS = YES;
				MTL_ENABLE_DEBUG_INFO = NO;
				MTL_FAST_MATH = YES;
				SDKROOT = iphoneos;
				SWIFT_COMPILATION_MODE = wholemodule;
				VALIDATE_PRODUCT = YES;
			};
			name = Release;
		};
		3CFA727A2B4BC3FC00DD3A29 /* Debug */ = {
			isa = XCBuildConfiguration;
			buildSettings = {
				ASSETCATALOG_COMPILER_APPICON_NAME = AppIcon;
				ASSETCATALOG_COMPILER_GLOBAL_ACCENT_COLOR_NAME = AccentColor;
				CODE_SIGN_STYLE = Automatic;
				CURRENT_PROJECT_VERSION = 1;
				GENERATE_INFOPLIST_FILE = YES;
				INFOPLIST_FILE = BeaMinClone/Info.plist;
				INFOPLIST_KEY_UIApplicationSupportsIndirectInputEvents = YES;
				INFOPLIST_KEY_UILaunchStoryboardName = LaunchScreen;
				INFOPLIST_KEY_UIMainStoryboardFile = Main;
				INFOPLIST_KEY_UISupportedInterfaceOrientations_iPad = "UIInterfaceOrientationPortrait UIInterfaceOrientationPortraitUpsideDown UIInterfaceOrientationLandscapeLeft UIInterfaceOrientationLandscapeRight";
				INFOPLIST_KEY_UISupportedInterfaceOrientations_iPhone = "UIInterfaceOrientationPortrait UIInterfaceOrientationLandscapeLeft UIInterfaceOrientationLandscapeRight";
				LD_RUNPATH_SEARCH_PATHS = (
					"$(inherited)",
					"@executable_path/Frameworks",
				);
				MARKETING_VERSION = 1.0;
				PRODUCT_BUNDLE_IDENTIFIER = com.BeaMinClone;
				PRODUCT_NAME = "$(TARGET_NAME)";
				SWIFT_EMIT_LOC_STRINGS = YES;
				SWIFT_VERSION = 5.0;
				TARGETED_DEVICE_FAMILY = "1,2";
			};
			name = Debug;
		};
		3CFA727B2B4BC3FC00DD3A29 /* Release */ = {
			isa = XCBuildConfiguration;
			buildSettings = {
				ASSETCATALOG_COMPILER_APPICON_NAME = AppIcon;
				ASSETCATALOG_COMPILER_GLOBAL_ACCENT_COLOR_NAME = AccentColor;
				CODE_SIGN_STYLE = Automatic;
				CURRENT_PROJECT_VERSION = 1;
				GENERATE_INFOPLIST_FILE = YES;
				INFOPLIST_FILE = BeaMinClone/Info.plist;
				INFOPLIST_KEY_UIApplicationSupportsIndirectInputEvents = YES;
				INFOPLIST_KEY_UILaunchStoryboardName = LaunchScreen;
				INFOPLIST_KEY_UIMainStoryboardFile = Main;
				INFOPLIST_KEY_UISupportedInterfaceOrientations_iPad = "UIInterfaceOrientationPortrait UIInterfaceOrientationPortraitUpsideDown UIInterfaceOrientationLandscapeLeft UIInterfaceOrientationLandscapeRight";
				INFOPLIST_KEY_UISupportedInterfaceOrientations_iPhone = "UIInterfaceOrientationPortrait UIInterfaceOrientationLandscapeLeft UIInterfaceOrientationLandscapeRight";
				LD_RUNPATH_SEARCH_PATHS = (
					"$(inherited)",
					"@executable_path/Frameworks",
				);
				MARKETING_VERSION = 1.0;
				PRODUCT_BUNDLE_IDENTIFIER = com.BeaMinClone;
				PRODUCT_NAME = "$(TARGET_NAME)";
				SWIFT_EMIT_LOC_STRINGS = YES;
				SWIFT_VERSION = 5.0;
				TARGETED_DEVICE_FAMILY = "1,2";
			};
			name = Release;
		};
		3CFA727D2B4BC3FC00DD3A29 /* Debug */ = {
			isa = XCBuildConfiguration;
			buildSettings = {
				ALWAYS_EMBED_SWIFT_STANDARD_LIBRARIES = YES;
				BUNDLE_LOADER = "$(TEST_HOST)";
				CODE_SIGN_STYLE = Automatic;
				CURRENT_PROJECT_VERSION = 1;
				GENERATE_INFOPLIST_FILE = YES;
				IPHONEOS_DEPLOYMENT_TARGET = 17.2;
				MARKETING_VERSION = 1.0;
				PRODUCT_BUNDLE_IDENTIFIER = com.BeaMinCloneTests;
				PRODUCT_NAME = "$(TARGET_NAME)";
				SWIFT_EMIT_LOC_STRINGS = NO;
				SWIFT_VERSION = 5.0;
				TARGETED_DEVICE_FAMILY = "1,2";
				TEST_HOST = "$(BUILT_PRODUCTS_DIR)/BeaMinClone.app/$(BUNDLE_EXECUTABLE_FOLDER_PATH)/BeaMinClone";
			};
			name = Debug;
		};
		3CFA727E2B4BC3FC00DD3A29 /* Release */ = {
			isa = XCBuildConfiguration;
			buildSettings = {
				ALWAYS_EMBED_SWIFT_STANDARD_LIBRARIES = YES;
				BUNDLE_LOADER = "$(TEST_HOST)";
				CODE_SIGN_STYLE = Automatic;
				CURRENT_PROJECT_VERSION = 1;
				GENERATE_INFOPLIST_FILE = YES;
				IPHONEOS_DEPLOYMENT_TARGET = 17.2;
				MARKETING_VERSION = 1.0;
				PRODUCT_BUNDLE_IDENTIFIER = com.BeaMinCloneTests;
				PRODUCT_NAME = "$(TARGET_NAME)";
				SWIFT_EMIT_LOC_STRINGS = NO;
				SWIFT_VERSION = 5.0;
				TARGETED_DEVICE_FAMILY = "1,2";
				TEST_HOST = "$(BUILT_PRODUCTS_DIR)/BeaMinClone.app/$(BUNDLE_EXECUTABLE_FOLDER_PATH)/BeaMinClone";
			};
			name = Release;
		};
		3CFA72802B4BC3FC00DD3A29 /* Debug */ = {
			isa = XCBuildConfiguration;
			buildSettings = {
				ALWAYS_EMBED_SWIFT_STANDARD_LIBRARIES = YES;
				CODE_SIGN_STYLE = Automatic;
				CURRENT_PROJECT_VERSION = 1;
				GENERATE_INFOPLIST_FILE = YES;
				MARKETING_VERSION = 1.0;
				PRODUCT_BUNDLE_IDENTIFIER = com.BeaMinCloneUITests;
				PRODUCT_NAME = "$(TARGET_NAME)";
				SWIFT_EMIT_LOC_STRINGS = NO;
				SWIFT_VERSION = 5.0;
				TARGETED_DEVICE_FAMILY = "1,2";
				TEST_TARGET_NAME = BeaMinClone;
			};
			name = Debug;
		};
		3CFA72812B4BC3FC00DD3A29 /* Release */ = {
			isa = XCBuildConfiguration;
			buildSettings = {
				ALWAYS_EMBED_SWIFT_STANDARD_LIBRARIES = YES;
				CODE_SIGN_STYLE = Automatic;
				CURRENT_PROJECT_VERSION = 1;
				GENERATE_INFOPLIST_FILE = YES;
				MARKETING_VERSION = 1.0;
				PRODUCT_BUNDLE_IDENTIFIER = com.BeaMinCloneUITests;
				PRODUCT_NAME = "$(TARGET_NAME)";
				SWIFT_EMIT_LOC_STRINGS = NO;
				SWIFT_VERSION = 5.0;
				TARGETED_DEVICE_FAMILY = "1,2";
				TEST_TARGET_NAME = BeaMinClone;
			};
			name = Release;
		};
/* End XCBuildConfiguration section */

/* Begin XCConfigurationList section */
		3CFA724A2B4BC3FA00DD3A29 /* Build configuration list for PBXProject "BeaMinClone" */ = {
			isa = XCConfigurationList;
			buildConfigurations = (
				3CFA72772B4BC3FC00DD3A29 /* Debug */,
				3CFA72782B4BC3FC00DD3A29 /* Release */,
			);
			defaultConfigurationIsVisible = 0;
			defaultConfigurationName = Release;
		};
		3CFA72792B4BC3FC00DD3A29 /* Build configuration list for PBXNativeTarget "BeaMinClone" */ = {
			isa = XCConfigurationList;
			buildConfigurations = (
				3CFA727A2B4BC3FC00DD3A29 /* Debug */,
				3CFA727B2B4BC3FC00DD3A29 /* Release */,
			);
			defaultConfigurationIsVisible = 0;
			defaultConfigurationName = Release;
		};
		3CFA727C2B4BC3FC00DD3A29 /* Build configuration list for PBXNativeTarget "BeaMinCloneTests" */ = {
			isa = XCConfigurationList;
			buildConfigurations = (
				3CFA727D2B4BC3FC00DD3A29 /* Debug */,
				3CFA727E2B4BC3FC00DD3A29 /* Release */,
			);
			defaultConfigurationIsVisible = 0;
			defaultConfigurationName = Release;
		};
		3CFA727F2B4BC3FC00DD3A29 /* Build configuration list for PBXNativeTarget "BeaMinCloneUITests" */ = {
			isa = XCConfigurationList;
			buildConfigurations = (
				3CFA72802B4BC3FC00DD3A29 /* Debug */,
				3CFA72812B4BC3FC00DD3A29 /* Release */,
			);
			defaultConfigurationIsVisible = 0;
			defaultConfigurationName = Release;
		};
/* End XCConfigurationList section */
	};
	rootObject = 3CFA72472B4BC3FA00DD3A29 /* Project object */;
}
